// !$*UTF8*$!
{
	archiveVersion = 1;
	classes = {
	};
	objectVersion = 46;
	objects = {

/* Begin PBXBuildFile section */
		CE73F7C01AAB4AE0005AC895 /* main.m in Sources */ = {isa = PBXBuildFile; fileRef = CE73F7BF1AAB4AE0005AC895 /* main.m */; };
		CE73F7C31AAB4AE0005AC895 /* AppDelegate.m in Sources */ = {isa = PBXBuildFile; fileRef = CE73F7C21AAB4AE0005AC895 /* AppDelegate.m */; };
		CE73F7C61AAB4AE0005AC895 /* ViewController.m in Sources */ = {isa = PBXBuildFile; fileRef = CE73F7C51AAB4AE0005AC895 /* ViewController.m */; };
		CE73F7C91AAB4AE0005AC895 /* Main.storyboard in Resources */ = {isa = PBXBuildFile; fileRef = CE73F7C71AAB4AE0005AC895 /* Main.storyboard */; };
		CE73F7CB1AAB4AE0005AC895 /* Images.xcassets in Resources */ = {isa = PBXBuildFile; fileRef = CE73F7CA1AAB4AE0005AC895 /* Images.xcassets */; };
		CE73F7CE1AAB4AE0005AC895 /* LaunchScreen.xib in Resources */ = {isa = PBXBuildFile; fileRef = CE73F7CC1AAB4AE0005AC895 /* LaunchScreen.xib */; };
		CE73F7DA1AAB4AE0005AC895 /* RSS_Raider_Denemesi_Sefa_Ayc_ic_ekTests.m in Sources */ = {isa = PBXBuildFile; fileRef = CE73F7D91AAB4AE0005AC895 /* RSS_Raider_Denemesi_Sefa_Ayc_ic_ekTests.m */; };
/* End PBXBuildFile section */

/* Begin PBXContainerItemProxy section */
		CE73F7D41AAB4AE0005AC895 /* PBXContainerItemProxy */ = {
			isa = PBXContainerItemProxy;
			containerPortal = CE73F7B21AAB4AE0005AC895 /* Project object */;
			proxyType = 1;
			remoteGlobalIDString = CE73F7B91AAB4AE0005AC895;
			remoteInfo = "RSS Raider Denemesi Sefa Ayçiçek";
		};
/* End PBXContainerItemProxy section */

/* Begin PBXFileReference section */
		CE73F7BA1AAB4AE0005AC895 /* RSS Raider Denemesi Sefa Ayçiçek.app */ = {isa = PBXFileReference; explicitFileType = wrapper.application; includeInIndex = 0; path = "RSS Raider Denemesi Sefa Ayçiçek.app"; sourceTree = BUILT_PRODUCTS_DIR; };
		CE73F7BE1AAB4AE0005AC895 /* Info.plist */ = {isa = PBXFileReference; lastKnownFileType = text.plist.xml; path = Info.plist; sourceTree = "<group>"; };
		CE73F7BF1AAB4AE0005AC895 /* main.m */ = {isa = PBXFileReference; lastKnownFileType = sourcecode.c.objc; path = main.m; sourceTree = "<group>"; };
		CE73F7C11AAB4AE0005AC895 /* AppDelegate.h */ = {isa = PBXFileReference; lastKnownFileType = sourcecode.c.h; path = AppDelegate.h; sourceTree = "<group>"; };
		CE73F7C21AAB4AE0005AC895 /* AppDelegate.m */ = {isa = PBXFileReference; lastKnownFileType = sourcecode.c.objc; path = AppDelegate.m; sourceTree = "<group>"; };
		CE73F7C41AAB4AE0005AC895 /* ViewController.h */ = {isa = PBXFileReference; lastKnownFileType = sourcecode.c.h; path = ViewController.h; sourceTree = "<group>"; };
		CE73F7C51AAB4AE0005AC895 /* ViewController.m */ = {isa = PBXFileReference; lastKnownFileType = sourcecode.c.objc; path = ViewController.m; sourceTree = "<group>"; };
		CE73F7C81AAB4AE0005AC895 /* Base */ = {isa = PBXFileReference; lastKnownFileType = file.storyboard; name = Base; path = Base.lproj/Main.storyboard; sourceTree = "<group>"; };
		CE73F7CA1AAB4AE0005AC895 /* Images.xcassets */ = {isa = PBXFileReference; lastKnownFileType = folder.assetcatalog; path = Images.xcassets; sourceTree = "<group>"; };
		CE73F7CD1AAB4AE0005AC895 /* Base */ = {isa = PBXFileReference; lastKnownFileType = file.xib; name = Base; path = Base.lproj/LaunchScreen.xib; sourceTree = "<group>"; };
		CE73F7D31AAB4AE0005AC895 /* RSS Raider Denemesi Sefa AyçiçekTests.xctest */ = {isa = PBXFileReference; explicitFileType = wrapper.cfbundle; includeInIndex = 0; path = "RSS Raider Denemesi Sefa AyçiçekTests.xctest"; sourceTree = BUILT_PRODUCTS_DIR; };
		CE73F7D81AAB4AE0005AC895 /* Info.plist */ = {isa = PBXFileReference; lastKnownFileType = text.plist.xml; path = Info.plist; sourceTree = "<group>"; };
		CE73F7D91AAB4AE0005AC895 /* RSS_Raider_Denemesi_Sefa_Ayc_ic_ekTests.m */ = {isa = PBXFileReference; lastKnownFileType = sourcecode.c.objc; path = RSS_Raider_Denemesi_Sefa_Ayc_ic_ekTests.m; sourceTree = "<group>"; };
/* End PBXFileReference section */

/* Begin PBXFrameworksBuildPhase section */
		CE73F7B71AAB4AE0005AC895 /* Frameworks */ = {
			isa = PBXFrameworksBuildPhase;
			buildActionMask = 2147483647;
			files = (
			);
			runOnlyForDeploymentPostprocessing = 0;
		};
		CE73F7D01AAB4AE0005AC895 /* Frameworks */ = {
			isa = PBXFrameworksBuildPhase;
			buildActionMask = 2147483647;
			files = (
			);
			runOnlyForDeploymentPostprocessing = 0;
		};
/* End PBXFrameworksBuildPhase section */

/* Begin PBXGroup section */
		CE73F7B11AAB4AE0005AC895 = {
			isa = PBXGroup;
			children = (
				CE73F7BC1AAB4AE0005AC895 /* RSS Raider Denemesi Sefa Ayçiçek */,
				CE73F7D61AAB4AE0005AC895 /* RSS Raider Denemesi Sefa AyçiçekTests */,
				CE73F7BB1AAB4AE0005AC895 /* Products */,
			);
			sourceTree = "<group>";
		};
		CE73F7BB1AAB4AE0005AC895 /* Products */ = {
			isa = PBXGroup;
			children = (
				CE73F7BA1AAB4AE0005AC895 /* RSS Raider Denemesi Sefa Ayçiçek.app */,
				CE73F7D31AAB4AE0005AC895 /* RSS Raider Denemesi Sefa AyçiçekTests.xctest */,
			);
			name = Products;
			sourceTree = "<group>";
		};
		CE73F7BC1AAB4AE0005AC895 /* RSS Raider Denemesi Sefa Ayçiçek */ = {
			isa = PBXGroup;
			children = (
				CE73F7C11AAB4AE0005AC895 /* AppDelegate.h */,
				CE73F7C21AAB4AE0005AC895 /* AppDelegate.m */,
				CE73F7C41AAB4AE0005AC895 /* ViewController.h */,
				CE73F7C51AAB4AE0005AC895 /* ViewController.m */,
				CE73F7C71AAB4AE0005AC895 /* Main.storyboard */,
				CE73F7CA1AAB4AE0005AC895 /* Images.xcassets */,
				CE73F7CC1AAB4AE0005AC895 /* LaunchScreen.xib */,
				CE73F7BD1AAB4AE0005AC895 /* Supporting Files */,
			);
			path = "RSS Raider Denemesi Sefa Ayçiçek";
			sourceTree = "<group>";
		};
		CE73F7BD1AAB4AE0005AC895 /* Supporting Files */ = {
			isa = PBXGroup;
			children = (
				CE73F7BE1AAB4AE0005AC895 /* Info.plist */,
				CE73F7BF1AAB4AE0005AC895 /* main.m */,
			);
			name = "Supporting Files";
			sourceTree = "<group>";
		};
		CE73F7D61AAB4AE0005AC895 /* RSS Raider Denemesi Sefa AyçiçekTests */ = {
			isa = PBXGroup;
			children = (
				CE73F7D91AAB4AE0005AC895 /* RSS_Raider_Denemesi_Sefa_Ayc_ic_ekTests.m */,
				CE73F7D71AAB4AE0005AC895 /* Supporting Files */,
			);
			path = "RSS Raider Denemesi Sefa AyçiçekTests";
			sourceTree = "<group>";
		};
		CE73F7D71AAB4AE0005AC895 /* Supporting Files */ = {
			isa = PBXGroup;
			children = (
				CE73F7D81AAB4AE0005AC895 /* Info.plist */,
			);
			name = "Supporting Files";
			sourceTree = "<group>";
		};
/* End PBXGroup section */

/* Begin PBXNativeTarget section */
		CE73F7B91AAB4AE0005AC895 /* RSS Raider Denemesi Sefa Ayçiçek */ = {
			isa = PBXNativeTarget;
			buildConfigurationList = CE73F7DD1AAB4AE0005AC895 /* Build configuration list for PBXNativeTarget "RSS Raider Denemesi Sefa Ayçiçek" */;
			buildPhases = (
				CE73F7B61AAB4AE0005AC895 /* Sources */,
				CE73F7B71AAB4AE0005AC895 /* Frameworks */,
				CE73F7B81AAB4AE0005AC895 /* Resources */,
			);
			buildRules = (
			);
			dependencies = (
			);
			name = "RSS Raider Denemesi Sefa Ayçiçek";
			productName = "RSS Raider Denemesi Sefa Ayçiçek";
			productReference = CE73F7BA1AAB4AE0005AC895 /* RSS Raider Denemesi Sefa Ayçiçek.app */;
			productType = "com.apple.product-type.application";
		};
		CE73F7D21AAB4AE0005AC895 /* RSS Raider Denemesi Sefa AyçiçekTests */ = {
			isa = PBXNativeTarget;
			buildConfigurationList = CE73F7E01AAB4AE0005AC895 /* Build configuration list for PBXNativeTarget "RSS Raider Denemesi Sefa AyçiçekTests" */;
			buildPhases = (
				CE73F7CF1AAB4AE0005AC895 /* Sources */,
				CE73F7D01AAB4AE0005AC895 /* Frameworks */,
				CE73F7D11AAB4AE0005AC895 /* Resources */,
			);
			buildRules = (
			);
			dependencies = (
				CE73F7D51AAB4AE0005AC895 /* PBXTargetDependency */,
			);
			name = "RSS Raider Denemesi Sefa AyçiçekTests";
			productName = "RSS Raider Denemesi Sefa AyçiçekTests";
			productReference = CE73F7D31AAB4AE0005AC895 /* RSS Raider Denemesi Sefa AyçiçekTests.xctest */;
			productType = "com.apple.product-type.bundle.unit-test";
		};
/* End PBXNativeTarget section */

/* Begin PBXProject section */
		CE73F7B21AAB4AE0005AC895 /* Project object */ = {
			isa = PBXProject;
			attributes = {
				LastUpgradeCheck = 0620;
				ORGANIZATIONNAME = "Eyüp Çimen";
				TargetAttributes = {
					CE73F7B91AAB4AE0005AC895 = {
						CreatedOnToolsVersion = 6.2;
					};
					CE73F7D21AAB4AE0005AC895 = {
						CreatedOnToolsVersion = 6.2;
						TestTargetID = CE73F7B91AAB4AE0005AC895;
					};
				};
			};
			buildConfigurationList = CE73F7B51AAB4AE0005AC895 /* Build configuration list for PBXProject "RSS Raider Denemesi Sefa Ayçiçek" */;
			compatibilityVersion = "Xcode 3.2";
			developmentRegion = English;
			hasScannedForEncodings = 0;
			knownRegions = (
				en,
				Base,
			);
			mainGroup = CE73F7B11AAB4AE0005AC895;
			productRefGroup = CE73F7BB1AAB4AE0005AC895 /* Products */;
			projectDirPath = "";
			projectRoot = "";
			targets = (
				CE73F7B91AAB4AE0005AC895 /* RSS Raider Denemesi Sefa Ayçiçek */,
				CE73F7D21AAB4AE0005AC895 /* RSS Raider Denemesi Sefa AyçiçekTests */,
			);
		};
/* End PBXProject section */

/* Begin PBXResourcesBuildPhase section */
		CE73F7B81AAB4AE0005AC895 /* Resources */ = {
			isa = PBXResourcesBuildPhase;
			buildActionMask = 2147483647;
			files = (
				CE73F7C91AAB4AE0005AC895 /* Main.storyboard in Resources */,
				CE73F7CE1AAB4AE0005AC895 /* LaunchScreen.xib in Resources */,
				CE73F7CB1AAB4AE0005AC895 /* Images.xcassets in Resources */,
			);
			runOnlyForDeploymentPostprocessing = 0;
		};
		CE73F7D11AAB4AE0005AC895 /* Resources */ = {
			isa = PBXResourcesBuildPhase;
			buildActionMask = 2147483647;
			files = (
			);
			runOnlyForDeploymentPostprocessing = 0;
		};
/* End PBXResourcesBuildPhase section */

/* Begin PBXSourcesBuildPhase section */
		CE73F7B61AAB4AE0005AC895 /* Sources */ = {
			isa = PBXSourcesBuildPhase;
			buildActionMask = 2147483647;
			files = (
				CE73F7C61AAB4AE0005AC895 /* ViewController.m in Sources */,
				CE73F7C31AAB4AE0005AC895 /* AppDelegate.m in Sources */,
				CE73F7C01AAB4AE0005AC895 /* main.m in Sources */,
			);
			runOnlyForDeploymentPostprocessing = 0;
		};
		CE73F7CF1AAB4AE0005AC895 /* Sources */ = {
			isa = PBXSourcesBuildPhase;
			buildActionMask = 2147483647;
			files = (
				CE73F7DA1AAB4AE0005AC895 /* RSS_Raider_Denemesi_Sefa_Ayc_ic_ekTests.m in Sources */,
			);
			runOnlyForDeploymentPostprocessing = 0;
		};
/* End PBXSourcesBuildPhase section */

/* Begin PBXTargetDependency section */
		CE73F7D51AAB4AE0005AC895 /* PBXTargetDependency */ = {
			isa = PBXTargetDependency;
			target = CE73F7B91AAB4AE0005AC895 /* RSS Raider Denemesi Sefa Ayçiçek */;
			targetProxy = CE73F7D41AAB4AE0005AC895 /* PBXContainerItemProxy */;
		};
/* End PBXTargetDependency section */

/* Begin PBXVariantGroup section */
		CE73F7C71AAB4AE0005AC895 /* Main.storyboard */ = {
			isa = PBXVariantGroup;
			children = (
				CE73F7C81AAB4AE0005AC895 /* Base */,
			);
			name = Main.storyboard;
			sourceTree = "<group>";
		};
		CE73F7CC1AAB4AE0005AC895 /* LaunchScreen.xib */ = {
			isa = PBXVariantGroup;
			children = (
				CE73F7CD1AAB4AE0005AC895 /* Base */,
			);
			name = LaunchScreen.xib;
			sourceTree = "<group>";
		};
/* End PBXVariantGroup section */

/* Begin XCBuildConfiguration section */
		CE73F7DB1AAB4AE0005AC895 /* Debug */ = {
			isa = XCBuildConfiguration;
			buildSettings = {
				ALWAYS_SEARCH_USER_PATHS = NO;
				CLANG_CXX_LANGUAGE_STANDARD = "gnu++0x";
				CLANG_CXX_LIBRARY = "libc++";
				CLANG_ENABLE_MODULES = YES;
				CLANG_ENABLE_OBJC_ARC = YES;
				CLANG_WARN_BOOL_CONVERSION = YES;
				CLANG_WARN_CONSTANT_CONVERSION = YES;
				CLANG_WARN_DIRECT_OBJC_ISA_USAGE = YES_ERROR;
				CLANG_WARN_EMPTY_BODY = YES;
				CLANG_WARN_ENUM_CONVERSION = YES;
				CLANG_WARN_INT_CONVERSION = YES;
				CLANG_WARN_OBJC_ROOT_CLASS = YES_ERROR;
				CLANG_WARN_UNREACHABLE_CODE = YES;
				CLANG_WARN__DUPLICATE_METHOD_MATCH = YES;
				"CODE_SIGN_IDENTITY[sdk=iphoneos*]" = "iPhone Developer";
				COPY_PHASE_STRIP = NO;
				ENABLE_STRICT_OBJC_MSGSEND = YES;
				GCC_C_LANGUAGE_STANDARD = gnu99;
				GCC_DYNAMIC_NO_PIC = NO;
				GCC_OPTIMIZATION_LEVEL = 0;
				GCC_PREPROCESSOR_DEFINITIONS = (
					"DEBUG=1",
					"$(inherited)",
				);
				GCC_SYMBOLS_PRIVATE_EXTERN = NO;
				GCC_WARN_64_TO_32_BIT_CONVERSION = YES;
				GCC_WARN_ABOUT_RETURN_TYPE = YES_ERROR;
				GCC_WARN_UNDECLARED_SELECTOR = YES;
				GCC_WARN_UNINITIALIZED_AUTOS = YES_AGGRESSIVE;
				GCC_WARN_UNUSED_FUNCTION = YES;
				GCC_WARN_UNUSED_VARIABLE = YES;
				IPHONEOS_DEPLOYMENT_TARGET = 8.2;
				MTL_ENABLE_DEBUG_INFO = YES;
				ONLY_ACTIVE_ARCH = YES;
				SDKROOT = iphoneos;
			};
			name = Debug;
		};
		CE73F7DC1AAB4AE0005AC895 /* Release */ = {
			isa = XCBuildConfiguration;
			buildSettings = {
				ALWAYS_SEARCH_USER_PATHS = NO;
				CLANG_CXX_LANGUAGE_STANDARD = "gnu++0x";
				CLANG_CXX_LIBRARY = "libc++";
				CLANG_ENABLE_MODULES = YES;
				CLANG_ENABLE_OBJC_ARC = YES;
				CLANG_WARN_BOOL_CONVERSION = YES;
				CLANG_WARN_CONSTANT_CONVERSION = YES;
				CLANG_WARN_DIRECT_OBJC_ISA_USAGE = YES_ERROR;
				CLANG_WARN_EMPTY_BODY = YES;
				CLANG_WARN_ENUM_CONVERSION = YES;
				CLANG_WARN_INT_CONVERSION = YES;
				CLANG_WARN_OBJC_ROOT_CLASS = YES_ERROR;
				CLANG_WARN_UNREACHABLE_CODE = YES;
				CLANG_WARN__DUPLICATE_METHOD_MATCH = YES;
				"CODE_SIGN_IDENTITY[sdk=iphoneos*]" = "iPhone Developer";
				COPY_PHASE_STRIP = YES;
				ENABLE_NS_ASSERTIONS = NO;
				ENABLE_STRICT_OBJC_MSGSEND = YES;
				GCC_C_LANGUAGE_STANDARD = gnu99;
				GCC_WARN_64_TO_32_BIT_CONVERSION = YES;
				GCC_WARN_ABOUT_RETURN_TYPE = YES_ERROR;
				GCC_WARN_UNDECLARED_SELECTOR = YES;
				GCC_WARN_UNINITIALIZED_AUTOS = YES_AGGRESSIVE;
				GCC_WARN_UNUSED_FUNCTION = YES;
				GCC_WARN_UNUSED_VARIABLE = YES;
				IPHONEOS_DEPLOYMENT_TARGET = 8.2;
				MTL_ENABLE_DEBUG_INFO = NO;
				SDKROOT = iphoneos;
				VALIDATE_PRODUCT = YES;
			};
			name = Release;
		};
		CE73F7DE1AAB4AE0005AC895 /* Debug */ = {
			isa = XCBuildConfiguration;
			buildSettings = {
				ASSETCATALOG_COMPILER_APPICON_NAME = AppIcon;
				INFOPLIST_FILE = "RSS Raider Denemesi Sefa Ayçiçek/Info.plist";
				LD_RUNPATH_SEARCH_PATHS = "$(inherited) @executable_path/Frameworks";
				PRODUCT_NAME = "$(TARGET_NAME)";
			};
			name = Debug;
		};
		CE73F7DF1AAB4AE0005AC895 /* Release */ = {
			isa = XCBuildConfiguration;
			buildSettings = {
				ASSETCATALOG_COMPILER_APPICON_NAME = AppIcon;
				INFOPLIST_FILE = "RSS Raider Denemesi Sefa Ayçiçek/Info.plist";
				LD_RUNPATH_SEARCH_PATHS = "$(inherited) @executable_path/Frameworks";
				PRODUCT_NAME = "$(TARGET_NAME)";
			};
			name = Release;
		};
		CE73F7E11AAB4AE0005AC895 /* Debug */ = {
			isa = XCBuildConfiguration;
			buildSettings = {
				BUNDLE_LOADER = "$(TEST_HOST)";
				FRAMEWORK_SEARCH_PATHS = (
					"$(SDKROOT)/Developer/Library/Frameworks",
					"$(inherited)",
				);
				GCC_PREPROCESSOR_DEFINITIONS = (
					"DEBUG=1",
					"$(inherited)",
				);
				INFOPLIST_FILE = "RSS Raider Denemesi Sefa AyçiçekTests/Info.plist";
				LD_RUNPATH_SEARCH_PATHS = "$(inherited) @executable_path/Frameworks @loader_path/Frameworks";
				PRODUCT_NAME = "$(TARGET_NAME)";
				TEST_HOST = "$(BUILT_PRODUCTS_DIR)/RSS Raider Denemesi Sefa Ayçiçek.app/RSS Raider Denemesi Sefa Ayçiçek";
			};
			name = Debug;
		};
		CE73F7E21AAB4AE0005AC895 /* Release */ = {
			isa = XCBuildConfiguration;
			buildSettings = {
				BUNDLE_LOADER = "$(TEST_HOST)";
				FRAMEWORK_SEARCH_PATHS = (
					"$(SDKROOT)/Developer/Library/Frameworks",
					"$(inherited)",
				);
				INFOPLIST_FILE = "RSS Raider Denemesi Sefa AyçiçekTests/Info.plist";
				LD_RUNPATH_SEARCH_PATHS = "$(inherited) @executable_path/Frameworks @loader_path/Frameworks";
				PRODUCT_NAME = "$(TARGET_NAME)";
				TEST_HOST = "$(BUILT_PRODUCTS_DIR)/RSS Raider Denemesi Sefa Ayçiçek.app/RSS Raider Denemesi Sefa Ayçiçek";
			};
			name = Release;
		};
/* End XCBuildConfiguration section */

/* Begin XCConfigurationList section */
		CE73F7B51AAB4AE0005AC895 /* Build configuration list for PBXProject "RSS Raider Denemesi Sefa Ayçiçek" */ = {
			isa = XCConfigurationList;
			buildConfigurations = (
				CE73F7DB1AAB4AE0005AC895 /* Debug */,
				CE73F7DC1AAB4AE0005AC895 /* Release */,
			);
			defaultConfigurationIsVisible = 0;
			defaultConfigurationName = Release;
		};
		CE73F7DD1AAB4AE0005AC895 /* Build configuration list for PBXNativeTarget "RSS Raider Denemesi Sefa Ayçiçek" */ = {
			isa = XCConfigurationList;
			buildConfigurations = (
				CE73F7DE1AAB4AE0005AC895 /* Debug */,
				CE73F7DF1AAB4AE0005AC895 /* Release */,
			);
			defaultConfigurationIsVisible = 0;
		};
		CE73F7E01AAB4AE0005AC895 /* Build configuration list for PBXNativeTarget "RSS Raider Denemesi Sefa AyçiçekTests" */ = {
			isa = XCConfigurationList;
			buildConfigurations = (
				CE73F7E11AAB4AE0005AC895 /* Debug */,
				CE73F7E21AAB4AE0005AC895 /* Release */,
			);
			defaultConfigurationIsVisible = 0;
		};
/* End XCConfigurationList section */
	};
	rootObject = CE73F7B21AAB4AE0005AC895 /* Project object */;
}
